// !$*UTF8*$!
{
	archiveVersion = 1;
	classes = {
	};
	objectVersion = 51;
	objects = {

/* Begin PBXBuildFile section */
		303E8904EF1FE23FE472A877 /* Pods_Media_MediaUITests.framework in Frameworks */ = {isa = PBXBuildFile; fileRef = CC31D971A013D2154640EE3E /* Pods_Media_MediaUITests.framework */; };
		47A6831ED5BC259DA0DC170A /* Pods_MediaTests.framework in Frameworks */ = {isa = PBXBuildFile; fileRef = 2D710D24FFC9981471999CC2 /* Pods_MediaTests.framework */; };
		4C33B974258932C600BB58B5 /* GoogleBooksAPIConsumerURLSession.swift in Sources */ = {isa = PBXBuildFile; fileRef = 4C33B973258932C600BB58B5 /* GoogleBooksAPIConsumerURLSession.swift */; };
		4C33B97F2589442D00BB58B5 /* GoogleBooksAPIConstant.swift in Sources */ = {isa = PBXBuildFile; fileRef = 4C33B97E2589442D00BB58B5 /* GoogleBooksAPIConstant.swift */; };
		4C3AD19525A759AF00E81F8C /* Colors.swift in Sources */ = {isa = PBXBuildFile; fileRef = 4C3AD19425A759AF00E81F8C /* Colors.swift */; };
		4C3AD19A25A759DF00E81F8C /* UIColor+hex.swift in Sources */ = {isa = PBXBuildFile; fileRef = 4C3AD19925A759DF00E81F8C /* UIColor+hex.swift */; };
		4C3AD1B625A7805100E81F8C /* State.swift in Sources */ = {isa = PBXBuildFile; fileRef = 4C3AD1B525A7805100E81F8C /* State.swift */; };
		4C3DA1422582907300E08839 /* MediaItemCollectionViewCell.swift in Sources */ = {isa = PBXBuildFile; fileRef = 4C3DA1412582907300E08839 /* MediaItemCollectionViewCell.swift */; };
		4C3DA1472582909000E08839 /* MediaItemProvidable.swift in Sources */ = {isa = PBXBuildFile; fileRef = 4C3DA1462582909000E08839 /* MediaItemProvidable.swift */; };
		4C3DA14C258290AC00E08839 /* Book.swift in Sources */ = {isa = PBXBuildFile; fileRef = 4C3DA14B258290AC00E08839 /* Book.swift */; };
		4C3DA151258290D500E08839 /* BookCollection.swift in Sources */ = {isa = PBXBuildFile; fileRef = 4C3DA150258290D500E08839 /* BookCollection.swift */; };
		4C3DA1562582913100E08839 /* DateFormater.swift in Sources */ = {isa = PBXBuildFile; fileRef = 4C3DA1552582913100E08839 /* DateFormater.swift */; };
		4C3DA15B2582918200E08839 /* book-search-response.json in Resources */ = {isa = PBXBuildFile; fileRef = 4C3DA15A2582918200E08839 /* book-search-response.json */; };
		4C3DA1662582A1F900E08839 /* UIImageView.swift in Sources */ = {isa = PBXBuildFile; fileRef = 4C3DA1652582A1F900E08839 /* UIImageView.swift */; };
		4C3DA1722582B2EA00E08839 /* Game.swift in Sources */ = {isa = PBXBuildFile; fileRef = 4C3DA1712582B2EA00E08839 /* Game.swift */; };
		4C3FB84C259E5B8600ED8B79 /* CoreDataStack.swift in Sources */ = {isa = PBXBuildFile; fileRef = 4C3FB84B259E5B8600ED8B79 /* CoreDataStack.swift */; };
		4C3FB851259E62DC00ED8B79 /* CoreDataStorageManager.swift in Sources */ = {isa = PBXBuildFile; fileRef = 4C3FB850259E62DC00ED8B79 /* CoreDataStorageManager.swift */; };
		4C3FB856259E643200ED8B79 /* BookManage+Mapping.swift in Sources */ = {isa = PBXBuildFile; fileRef = 4C3FB855259E643200ED8B79 /* BookManage+Mapping.swift */; };
		4C3FB8CA25A0FA8100ED8B79 /* Model.xcdatamodeld in Sources */ = {isa = PBXBuildFile; fileRef = 4C3FB8C825A0FA8100ED8B79 /* Model.xcdatamodeld */; };
		4C4A516C25A8CBA700C26458 /* book-search-response.json in Resources */ = {isa = PBXBuildFile; fileRef = 4C3DA15A2582918200E08839 /* book-search-response.json */; };
		4C5B9952259BC983003DBE27 /* FavoritesViewController.swift in Sources */ = {isa = PBXBuildFile; fileRef = 4C5B9951259BC983003DBE27 /* FavoritesViewController.swift */; };
		4C5B995A259BCD6C003DBE27 /* CustomFavoritesTableViewCell.swift in Sources */ = {isa = PBXBuildFile; fileRef = 4C5B9959259BCD6C003DBE27 /* CustomFavoritesTableViewCell.swift */; };
		4C6DBB65258E5E60001292C2 /* BookDetailView.swift in Sources */ = {isa = PBXBuildFile; fileRef = 4C6DBB64258E5E60001292C2 /* BookDetailView.swift */; };
		4C6F52CE259D0A370024C02A /* FavoritesProvidable.swift in Sources */ = {isa = PBXBuildFile; fileRef = 4C6F52CD259D0A370024C02A /* FavoritesProvidable.swift */; };
		4C6F52D3259D11F20024C02A /* UserDefaultStorageManager.swift in Sources */ = {isa = PBXBuildFile; fileRef = 4C6F52D2259D11F20024C02A /* UserDefaultStorageManager.swift */; };
		4C6F52D8259D1C520024C02A /* StorageManager.swift in Sources */ = {isa = PBXBuildFile; fileRef = 4C6F52D7259D1C520024C02A /* StorageManager.swift */; };
		4C7B2C0E262630F500314AD6 /* .swiftlint.yml in Resources */ = {isa = PBXBuildFile; fileRef = 4C7B2C0D262630F500314AD6 /* .swiftlint.yml */; };
		4C7B2C4F26289BC300314AD6 /* README.md in Resources */ = {isa = PBXBuildFile; fileRef = 4C7B2C4E26289BC300314AD6 /* README.md */; };
		4C7B2C542628A40C00314AD6 /* ScreenShots in Resources */ = {isa = PBXBuildFile; fileRef = 4C7B2C532628A40C00314AD6 /* ScreenShots */; };
		4C8445CD2582837E0062617D /* AppDelegate.swift in Sources */ = {isa = PBXBuildFile; fileRef = 4C8445CC2582837E0062617D /* AppDelegate.swift */; };
		4C8445CF2582837E0062617D /* SceneDelegate.swift in Sources */ = {isa = PBXBuildFile; fileRef = 4C8445CE2582837E0062617D /* SceneDelegate.swift */; };
		4C8445D12582837E0062617D /* HomeCollectionViewController.swift in Sources */ = {isa = PBXBuildFile; fileRef = 4C8445D02582837E0062617D /* HomeCollectionViewController.swift */; };
		4C8445D62582837F0062617D /* Assets.xcassets in Resources */ = {isa = PBXBuildFile; fileRef = 4C8445D52582837F0062617D /* Assets.xcassets */; };
		4C8445D92582837F0062617D /* LaunchScreen.storyboard in Resources */ = {isa = PBXBuildFile; fileRef = 4C8445D72582837F0062617D /* LaunchScreen.storyboard */; };
		4C8445E4258283800062617D /* BookTests.swift in Sources */ = {isa = PBXBuildFile; fileRef = 4C8445E3258283800062617D /* BookTests.swift */; };
		4C8445EF258283800062617D /* MediaUITests.swift in Sources */ = {isa = PBXBuildFile; fileRef = 4C8445EE258283800062617D /* MediaUITests.swift */; };
		4C84460F2582857E0062617D /* SetDate.swift in Sources */ = {isa = PBXBuildFile; fileRef = 4C84460E2582857E0062617D /* SetDate.swift */; };
		4C844617258285B60062617D /* ResizeImage.swift in Sources */ = {isa = PBXBuildFile; fileRef = 4C844616258285B60062617D /* ResizeImage.swift */; };
		4C84461C258286860062617D /* UIViewController+Navigation.swift in Sources */ = {isa = PBXBuildFile; fileRef = 4C84461B258286860062617D /* UIViewController+Navigation.swift */; };
		4C9B1033262D220D00F10378 /* String.swift in Sources */ = {isa = PBXBuildFile; fileRef = 4C9B1032262D220D00F10378 /* String.swift */; };
		4CCC11B3258A7F20005D93BB /* GoogleBooksAPIConsumerAlamofire.swift in Sources */ = {isa = PBXBuildFile; fileRef = 4CCC11B2258A7F20005D93BB /* GoogleBooksAPIConsumerAlamofire.swift */; };
		4CCC11C5258A99BD005D93BB /* MediaItemProviderTest.swift in Sources */ = {isa = PBXBuildFile; fileRef = 4CCC11C4258A99BD005D93BB /* MediaItemProviderTest.swift */; };
		4CEC35FC258BBE0F00093146 /* SearchCollectionViewController.swift in Sources */ = {isa = PBXBuildFile; fileRef = 4CEC35FB258BBE0F00093146 /* SearchCollectionViewController.swift */; };
		4CEC3607258D1EC300093146 /* DetailViewController.swift in Sources */ = {isa = PBXBuildFile; fileRef = 4CEC3606258D1EC300093146 /* DetailViewController.swift */; };
		4CEC360C258D3A9200093146 /* WarningView.swift in Sources */ = {isa = PBXBuildFile; fileRef = 4CEC360B258D3A9200093146 /* WarningView.swift */; };
		4CEC3611258D48EB00093146 /* Spinner.swift in Sources */ = {isa = PBXBuildFile; fileRef = 4CEC3610258D48EB00093146 /* Spinner.swift */; };
		4CF2ADBF2583ED51002C5C04 /* MediaItemProvider.swift in Sources */ = {isa = PBXBuildFile; fileRef = 4CF2ADBE2583ED51002C5C04 /* MediaItemProvider.swift */; };
		4CF2ADC72583EDC4002C5C04 /* MediaItemType.swift in Sources */ = {isa = PBXBuildFile; fileRef = 4CF2ADC62583EDC4002C5C04 /* MediaItemType.swift */; };
		4CF2ADCC2583F0AA002C5C04 /* MediaItemAPIConsumable.swift in Sources */ = {isa = PBXBuildFile; fileRef = 4CF2ADCB2583F0AA002C5C04 /* MediaItemAPIConsumable.swift */; };
		4CF4947D2593C34B009D73EF /* MediaItemDetailProvidable.swift in Sources */ = {isa = PBXBuildFile; fileRef = 4CF4947C2593C34B009D73EF /* MediaItemDetailProvidable.swift */; };
		DC5429811C30B696C6122622 /* Pods_Media.framework in Frameworks */ = {isa = PBXBuildFile; fileRef = 771A4E506A4F05C7AA971351 /* Pods_Media.framework */; };
/* End PBXBuildFile section */

/* Begin PBXContainerItemProxy section */
		4C8445E0258283800062617D /* PBXContainerItemProxy */ = {
			isa = PBXContainerItemProxy;
			containerPortal = 4C8445C12582837E0062617D /* Project object */;
			proxyType = 1;
			remoteGlobalIDString = 4C8445C82582837E0062617D;
			remoteInfo = Base;
		};
		4C8445EB258283800062617D /* PBXContainerItemProxy */ = {
			isa = PBXContainerItemProxy;
			containerPortal = 4C8445C12582837E0062617D /* Project object */;
			proxyType = 1;
			remoteGlobalIDString = 4C8445C82582837E0062617D;
			remoteInfo = Base;
		};
/* End PBXContainerItemProxy section */

/* Begin PBXFileReference section */
		1244E5B262872BB9A5465F05 /* Pods-Media.release.xcconfig */ = {isa = PBXFileReference; includeInIndex = 1; lastKnownFileType = text.xcconfig; name = "Pods-Media.release.xcconfig"; path = "Target Support Files/Pods-Media/Pods-Media.release.xcconfig"; sourceTree = "<group>"; };
		2042D83586AB039E049AFE37 /* Pods-MediaTests.debug.xcconfig */ = {isa = PBXFileReference; includeInIndex = 1; lastKnownFileType = text.xcconfig; name = "Pods-MediaTests.debug.xcconfig"; path = "Target Support Files/Pods-MediaTests/Pods-MediaTests.debug.xcconfig"; sourceTree = "<group>"; };
		2D710D24FFC9981471999CC2 /* Pods_MediaTests.framework */ = {isa = PBXFileReference; explicitFileType = wrapper.framework; includeInIndex = 0; path = Pods_MediaTests.framework; sourceTree = BUILT_PRODUCTS_DIR; };
		4B0A9153887915FB436DAD9A /* Pods-Media.debug.xcconfig */ = {isa = PBXFileReference; includeInIndex = 1; lastKnownFileType = text.xcconfig; name = "Pods-Media.debug.xcconfig"; path = "Target Support Files/Pods-Media/Pods-Media.debug.xcconfig"; sourceTree = "<group>"; };
		4C33B973258932C600BB58B5 /* GoogleBooksAPIConsumerURLSession.swift */ = {isa = PBXFileReference; lastKnownFileType = sourcecode.swift; path = GoogleBooksAPIConsumerURLSession.swift; sourceTree = "<group>"; };
		4C33B97E2589442D00BB58B5 /* GoogleBooksAPIConstant.swift */ = {isa = PBXFileReference; lastKnownFileType = sourcecode.swift; path = GoogleBooksAPIConstant.swift; sourceTree = "<group>"; };
		4C3AD19425A759AF00E81F8C /* Colors.swift */ = {isa = PBXFileReference; lastKnownFileType = sourcecode.swift; path = Colors.swift; sourceTree = "<group>"; };
		4C3AD19925A759DF00E81F8C /* UIColor+hex.swift */ = {isa = PBXFileReference; lastKnownFileType = sourcecode.swift; path = "UIColor+hex.swift"; sourceTree = "<group>"; };
		4C3AD1B525A7805100E81F8C /* State.swift */ = {isa = PBXFileReference; lastKnownFileType = sourcecode.swift; path = State.swift; sourceTree = "<group>"; };
		4C3DA1412582907300E08839 /* MediaItemCollectionViewCell.swift */ = {isa = PBXFileReference; lastKnownFileType = sourcecode.swift; path = MediaItemCollectionViewCell.swift; sourceTree = "<group>"; };
		4C3DA1462582909000E08839 /* MediaItemProvidable.swift */ = {isa = PBXFileReference; lastKnownFileType = sourcecode.swift; path = MediaItemProvidable.swift; sourceTree = "<group>"; };
		4C3DA14B258290AC00E08839 /* Book.swift */ = {isa = PBXFileReference; lastKnownFileType = sourcecode.swift; path = Book.swift; sourceTree = "<group>"; };
		4C3DA150258290D500E08839 /* BookCollection.swift */ = {isa = PBXFileReference; lastKnownFileType = sourcecode.swift; path = BookCollection.swift; sourceTree = "<group>"; };
		4C3DA1552582913100E08839 /* DateFormater.swift */ = {isa = PBXFileReference; lastKnownFileType = sourcecode.swift; path = DateFormater.swift; sourceTree = "<group>"; };
		4C3DA15A2582918200E08839 /* book-search-response.json */ = {isa = PBXFileReference; lastKnownFileType = text.json; path = "book-search-response.json"; sourceTree = "<group>"; };
		4C3DA1652582A1F900E08839 /* UIImageView.swift */ = {isa = PBXFileReference; lastKnownFileType = sourcecode.swift; path = UIImageView.swift; sourceTree = "<group>"; };
		4C3DA1712582B2EA00E08839 /* Game.swift */ = {isa = PBXFileReference; lastKnownFileType = sourcecode.swift; path = Game.swift; sourceTree = "<group>"; };
		4C3FB84B259E5B8600ED8B79 /* CoreDataStack.swift */ = {isa = PBXFileReference; lastKnownFileType = sourcecode.swift; path = CoreDataStack.swift; sourceTree = "<group>"; };
		4C3FB850259E62DC00ED8B79 /* CoreDataStorageManager.swift */ = {isa = PBXFileReference; lastKnownFileType = sourcecode.swift; path = CoreDataStorageManager.swift; sourceTree = "<group>"; };
		4C3FB855259E643200ED8B79 /* BookManage+Mapping.swift */ = {isa = PBXFileReference; lastKnownFileType = sourcecode.swift; path = "BookManage+Mapping.swift"; sourceTree = "<group>"; };
		4C3FB8C925A0FA8100ED8B79 /* Model.xcdatamodel */ = {isa = PBXFileReference; lastKnownFileType = wrapper.xcdatamodel; path = Model.xcdatamodel; sourceTree = "<group>"; };
		4C5B9951259BC983003DBE27 /* FavoritesViewController.swift */ = {isa = PBXFileReference; lastKnownFileType = sourcecode.swift; path = FavoritesViewController.swift; sourceTree = "<group>"; };
		4C5B9959259BCD6C003DBE27 /* CustomFavoritesTableViewCell.swift */ = {isa = PBXFileReference; lastKnownFileType = sourcecode.swift; path = CustomFavoritesTableViewCell.swift; sourceTree = "<group>"; };
		4C6DBB64258E5E60001292C2 /* BookDetailView.swift */ = {isa = PBXFileReference; lastKnownFileType = sourcecode.swift; path = BookDetailView.swift; sourceTree = "<group>"; };
		4C6F52CD259D0A370024C02A /* FavoritesProvidable.swift */ = {isa = PBXFileReference; lastKnownFileType = sourcecode.swift; path = FavoritesProvidable.swift; sourceTree = "<group>"; };
		4C6F52D2259D11F20024C02A /* UserDefaultStorageManager.swift */ = {isa = PBXFileReference; lastKnownFileType = sourcecode.swift; path = UserDefaultStorageManager.swift; sourceTree = "<group>"; };
		4C6F52D7259D1C520024C02A /* StorageManager.swift */ = {isa = PBXFileReference; lastKnownFileType = sourcecode.swift; path = StorageManager.swift; sourceTree = "<group>"; };
		4C7B2C0D262630F500314AD6 /* .swiftlint.yml */ = {isa = PBXFileReference; lastKnownFileType = text.yaml; path = .swiftlint.yml; sourceTree = "<group>"; };
		4C7B2C4E26289BC300314AD6 /* README.md */ = {isa = PBXFileReference; fileEncoding = 4; lastKnownFileType = net.daringfireball.markdown; path = README.md; sourceTree = "<group>"; };
		4C7B2C532628A40C00314AD6 /* ScreenShots */ = {isa = PBXFileReference; lastKnownFileType = folder; path = ScreenShots; sourceTree = "<group>"; };
		4C8445C92582837E0062617D /* Media.app */ = {isa = PBXFileReference; explicitFileType = wrapper.application; includeInIndex = 0; path = Media.app; sourceTree = BUILT_PRODUCTS_DIR; };
		4C8445CC2582837E0062617D /* AppDelegate.swift */ = {isa = PBXFileReference; lastKnownFileType = sourcecode.swift; path = AppDelegate.swift; sourceTree = "<group>"; };
		4C8445CE2582837E0062617D /* SceneDelegate.swift */ = {isa = PBXFileReference; lastKnownFileType = sourcecode.swift; path = SceneDelegate.swift; sourceTree = "<group>"; };
		4C8445D02582837E0062617D /* HomeCollectionViewController.swift */ = {isa = PBXFileReference; lastKnownFileType = sourcecode.swift; path = HomeCollectionViewController.swift; sourceTree = "<group>"; };
		4C8445D52582837F0062617D /* Assets.xcassets */ = {isa = PBXFileReference; lastKnownFileType = folder.assetcatalog; path = Assets.xcassets; sourceTree = "<group>"; };
		4C8445D82582837F0062617D /* Base */ = {isa = PBXFileReference; lastKnownFileType = file.storyboard; name = Base; path = Base.lproj/LaunchScreen.storyboard; sourceTree = "<group>"; };
		4C8445DA2582837F0062617D /* Info.plist */ = {isa = PBXFileReference; lastKnownFileType = text.plist.xml; path = Info.plist; sourceTree = "<group>"; };
		4C8445DF258283800062617D /* MediaTests.xctest */ = {isa = PBXFileReference; explicitFileType = wrapper.cfbundle; includeInIndex = 0; path = MediaTests.xctest; sourceTree = BUILT_PRODUCTS_DIR; };
		4C8445E3258283800062617D /* BookTests.swift */ = {isa = PBXFileReference; lastKnownFileType = sourcecode.swift; path = BookTests.swift; sourceTree = "<group>"; };
		4C8445E5258283800062617D /* Info.plist */ = {isa = PBXFileReference; lastKnownFileType = text.plist.xml; path = Info.plist; sourceTree = "<group>"; };
		4C8445EA258283800062617D /* MediaUITests.xctest */ = {isa = PBXFileReference; explicitFileType = wrapper.cfbundle; includeInIndex = 0; path = MediaUITests.xctest; sourceTree = BUILT_PRODUCTS_DIR; };
		4C8445EE258283800062617D /* MediaUITests.swift */ = {isa = PBXFileReference; lastKnownFileType = sourcecode.swift; path = MediaUITests.swift; sourceTree = "<group>"; };
		4C8445F0258283800062617D /* Info.plist */ = {isa = PBXFileReference; lastKnownFileType = text.plist.xml; path = Info.plist; sourceTree = "<group>"; };
		4C84460E2582857E0062617D /* SetDate.swift */ = {isa = PBXFileReference; lastKnownFileType = sourcecode.swift; path = SetDate.swift; sourceTree = "<group>"; };
		4C844616258285B60062617D /* ResizeImage.swift */ = {isa = PBXFileReference; lastKnownFileType = sourcecode.swift; path = ResizeImage.swift; sourceTree = "<group>"; };
		4C84461B258286860062617D /* UIViewController+Navigation.swift */ = {isa = PBXFileReference; lastKnownFileType = sourcecode.swift; path = "UIViewController+Navigation.swift"; sourceTree = "<group>"; };
		4C9B1032262D220D00F10378 /* String.swift */ = {isa = PBXFileReference; lastKnownFileType = sourcecode.swift; path = String.swift; sourceTree = "<group>"; };
		4CCC11B2258A7F20005D93BB /* GoogleBooksAPIConsumerAlamofire.swift */ = {isa = PBXFileReference; lastKnownFileType = sourcecode.swift; path = GoogleBooksAPIConsumerAlamofire.swift; sourceTree = "<group>"; };
		4CCC11C4258A99BD005D93BB /* MediaItemProviderTest.swift */ = {isa = PBXFileReference; lastKnownFileType = sourcecode.swift; path = MediaItemProviderTest.swift; sourceTree = "<group>"; };
		4CEC35FB258BBE0F00093146 /* SearchCollectionViewController.swift */ = {isa = PBXFileReference; lastKnownFileType = sourcecode.swift; path = SearchCollectionViewController.swift; sourceTree = "<group>"; };
		4CEC3606258D1EC300093146 /* DetailViewController.swift */ = {isa = PBXFileReference; lastKnownFileType = sourcecode.swift; path = DetailViewController.swift; sourceTree = "<group>"; };
		4CEC360B258D3A9200093146 /* WarningView.swift */ = {isa = PBXFileReference; lastKnownFileType = sourcecode.swift; path = WarningView.swift; sourceTree = "<group>"; };
		4CEC3610258D48EB00093146 /* Spinner.swift */ = {isa = PBXFileReference; lastKnownFileType = sourcecode.swift; path = Spinner.swift; sourceTree = "<group>"; };
		4CF2ADBE2583ED51002C5C04 /* MediaItemProvider.swift */ = {isa = PBXFileReference; lastKnownFileType = sourcecode.swift; path = MediaItemProvider.swift; sourceTree = "<group>"; };
		4CF2ADC62583EDC4002C5C04 /* MediaItemType.swift */ = {isa = PBXFileReference; lastKnownFileType = sourcecode.swift; path = MediaItemType.swift; sourceTree = "<group>"; };
		4CF2ADCB2583F0AA002C5C04 /* MediaItemAPIConsumable.swift */ = {isa = PBXFileReference; lastKnownFileType = sourcecode.swift; path = MediaItemAPIConsumable.swift; sourceTree = "<group>"; };
		4CF4947C2593C34B009D73EF /* MediaItemDetailProvidable.swift */ = {isa = PBXFileReference; lastKnownFileType = sourcecode.swift; path = MediaItemDetailProvidable.swift; sourceTree = "<group>"; };
		771A4E506A4F05C7AA971351 /* Pods_Media.framework */ = {isa = PBXFileReference; explicitFileType = wrapper.framework; includeInIndex = 0; path = Pods_Media.framework; sourceTree = BUILT_PRODUCTS_DIR; };
		908367582263B2EAFD37A7D4 /* Pods-MediaTests.release.xcconfig */ = {isa = PBXFileReference; includeInIndex = 1; lastKnownFileType = text.xcconfig; name = "Pods-MediaTests.release.xcconfig"; path = "Target Support Files/Pods-MediaTests/Pods-MediaTests.release.xcconfig"; sourceTree = "<group>"; };
		CC31D971A013D2154640EE3E /* Pods_Media_MediaUITests.framework */ = {isa = PBXFileReference; explicitFileType = wrapper.framework; includeInIndex = 0; path = Pods_Media_MediaUITests.framework; sourceTree = BUILT_PRODUCTS_DIR; };
		DF2027D5BF3ED9A5D3C90EE2 /* Pods-Media-MediaUITests.debug.xcconfig */ = {isa = PBXFileReference; includeInIndex = 1; lastKnownFileType = text.xcconfig; name = "Pods-Media-MediaUITests.debug.xcconfig"; path = "Target Support Files/Pods-Media-MediaUITests/Pods-Media-MediaUITests.debug.xcconfig"; sourceTree = "<group>"; };
		F8BE3408E8BB445B79365039 /* Pods-Media-MediaUITests.release.xcconfig */ = {isa = PBXFileReference; includeInIndex = 1; lastKnownFileType = text.xcconfig; name = "Pods-Media-MediaUITests.release.xcconfig"; path = "Target Support Files/Pods-Media-MediaUITests/Pods-Media-MediaUITests.release.xcconfig"; sourceTree = "<group>"; };
/* End PBXFileReference section */

/* Begin PBXFrameworksBuildPhase section */
		4C8445C62582837E0062617D /* Frameworks */ = {
			isa = PBXFrameworksBuildPhase;
			buildActionMask = 2147483647;
			files = (
				DC5429811C30B696C6122622 /* Pods_Media.framework in Frameworks */,
			);
			runOnlyForDeploymentPostprocessing = 0;
		};
		4C8445DC258283800062617D /* Frameworks */ = {
			isa = PBXFrameworksBuildPhase;
			buildActionMask = 2147483647;
			files = (
				47A6831ED5BC259DA0DC170A /* Pods_MediaTests.framework in Frameworks */,
			);
			runOnlyForDeploymentPostprocessing = 0;
		};
		4C8445E7258283800062617D /* Frameworks */ = {
			isa = PBXFrameworksBuildPhase;
			buildActionMask = 2147483647;
			files = (
				303E8904EF1FE23FE472A877 /* Pods_Media_MediaUITests.framework in Frameworks */,
			);
			runOnlyForDeploymentPostprocessing = 0;
		};
/* End PBXFrameworksBuildPhase section */

/* Begin PBXGroup section */
		2F50E922A06DC49324D2DB17 /* Frameworks */ = {
			isa = PBXGroup;
			children = (
				771A4E506A4F05C7AA971351 /* Pods_Media.framework */,
				CC31D971A013D2154640EE3E /* Pods_Media_MediaUITests.framework */,
				2D710D24FFC9981471999CC2 /* Pods_MediaTests.framework */,
			);
			name = Frameworks;
			sourceTree = "<group>";
		};
		4C3AD19325A7597F00E81F8C /* theme */ = {
			isa = PBXGroup;
			children = (
				4C3AD19425A759AF00E81F8C /* Colors.swift */,
			);
			path = theme;
			sourceTree = "<group>";
		};
		4C3FB844259E564C00ED8B79 /* CoreData */ = {
			isa = PBXGroup;
			children = (
				4C3FB84B259E5B8600ED8B79 /* CoreDataStack.swift */,
				4C3FB855259E643200ED8B79 /* BookManage+Mapping.swift */,
				4C3FB8C825A0FA8100ED8B79 /* Model.xcdatamodeld */,
			);
			path = CoreData;
			sourceTree = "<group>";
		};
		4C5B994B259BC604003DBE27 /* Resources */ = {
			isa = PBXGroup;
			children = (
				4C3DA15A2582918200E08839 /* book-search-response.json */,
			);
			path = Resources;
			sourceTree = "<group>";
		};
		4C6F52CC259D0A210024C02A /* Persistence */ = {
			isa = PBXGroup;
			children = (
				4C3FB844259E564C00ED8B79 /* CoreData */,
				4C6F52D7259D1C520024C02A /* StorageManager.swift */,
				4C6F52CD259D0A370024C02A /* FavoritesProvidable.swift */,
				4C3FB850259E62DC00ED8B79 /* CoreDataStorageManager.swift */,
				4C6F52D2259D11F20024C02A /* UserDefaultStorageManager.swift */,
			);
			path = Persistence;
			sourceTree = "<group>";
		};
		4C8445C02582837E0062617D = {
			isa = PBXGroup;
			children = (
				4C9B1031262D21D000F10378 /* Extensions */,
				4C844600258284300062617D /* Additions */,
				4C7B2C532628A40C00314AD6 /* ScreenShots */,
				4C7B2C4E26289BC300314AD6 /* README.md */,
				4C8445CB2582837E0062617D /* Media */,
				4C7B2C0D262630F500314AD6 /* .swiftlint.yml */,
				4C8445E2258283800062617D /* MediaTests */,
				4C8445CA2582837E0062617D /* Products */,
				C0E019B39799B358FEBC7C78 /* Pods */,
				2F50E922A06DC49324D2DB17 /* Frameworks */,
			);
			sourceTree = "<group>";
		};
		4C8445CA2582837E0062617D /* Products */ = {
			isa = PBXGroup;
			children = (
				4C8445C92582837E0062617D /* Media.app */,
				4C8445DF258283800062617D /* MediaTests.xctest */,
				4C8445EA258283800062617D /* MediaUITests.xctest */,
			);
			name = Products;
			sourceTree = "<group>";
		};
		4C8445CB2582837E0062617D /* Media */ = {
			isa = PBXGroup;
			children = (
				4C6F52CC259D0A210024C02A /* Persistence */,
				4CF2ADBD2583ED20002C5C04 /* Networking */,
				4C8445FF258284280062617D /* Protocols */,
				4C844602258284460062617D /* Controllers */,
				4C8446042582845F0062617D /* Model */,
				4C3AD19325A7597F00E81F8C /* theme */,
				4C8446012582843E0062617D /* View */,
				4C8446052582846B0062617D /* Resources */,
				4C8445DA2582837F0062617D /* Info.plist */,
			);
			path = Media;
			sourceTree = "<group>";
		};
		4C8445E2258283800062617D /* MediaTests */ = {
			isa = PBXGroup;
			children = (
				4C5B994B259BC604003DBE27 /* Resources */,
				4C8445E3258283800062617D /* BookTests.swift */,
				4C8445E5258283800062617D /* Info.plist */,
				4CCC11C4258A99BD005D93BB /* MediaItemProviderTest.swift */,
				4C8445ED258283800062617D /* MediaUITests */,
			);
			path = MediaTests;
			sourceTree = "<group>";
		};
		4C8445ED258283800062617D /* MediaUITests */ = {
			isa = PBXGroup;
			children = (
				4C8445EE258283800062617D /* MediaUITests.swift */,
				4C8445F0258283800062617D /* Info.plist */,
			);
			path = MediaUITests;
			sourceTree = "<group>";
		};
		4C8445FF258284280062617D /* Protocols */ = {
			isa = PBXGroup;
			children = (
				4C3DA1462582909000E08839 /* MediaItemProvidable.swift */,
				4CF4947C2593C34B009D73EF /* MediaItemDetailProvidable.swift */,
			);
			path = Protocols;
			sourceTree = "<group>";
		};
		4C844600258284300062617D /* Additions */ = {
			isa = PBXGroup;
			children = (
				4C84460E2582857E0062617D /* SetDate.swift */,
			);
			path = Additions;
			sourceTree = "<group>";
		};
		4C8446012582843E0062617D /* View */ = {
			isa = PBXGroup;
			children = (
				4C3DA1412582907300E08839 /* MediaItemCollectionViewCell.swift */,
				4C5B9959259BCD6C003DBE27 /* CustomFavoritesTableViewCell.swift */,
				4CEC360B258D3A9200093146 /* WarningView.swift */,
				4CEC3610258D48EB00093146 /* Spinner.swift */,
				4C6DBB64258E5E60001292C2 /* BookDetailView.swift */,
				4C3AD1B525A7805100E81F8C /* State.swift */,
			);
			path = View;
			sourceTree = "<group>";
		};
		4C844602258284460062617D /* Controllers */ = {
			isa = PBXGroup;
			children = (
				4C8445D02582837E0062617D /* HomeCollectionViewController.swift */,
				4CEC35FB258BBE0F00093146 /* SearchCollectionViewController.swift */,
				4C5B9951259BC983003DBE27 /* FavoritesViewController.swift */,
				4CEC3606258D1EC300093146 /* DetailViewController.swift */,
			);
			path = Controllers;
			sourceTree = "<group>";
		};
		4C8446042582845F0062617D /* Model */ = {
			isa = PBXGroup;
			children = (
				4C3DA1712582B2EA00E08839 /* Game.swift */,
				4C3DA14B258290AC00E08839 /* Book.swift */,
				4C3DA150258290D500E08839 /* BookCollection.swift */,
				4CF2ADC62583EDC4002C5C04 /* MediaItemType.swift */,
			);
			path = Model;
			sourceTree = "<group>";
		};
		4C8446052582846B0062617D /* Resources */ = {
			isa = PBXGroup;
			children = (
				4C8445CC2582837E0062617D /* AppDelegate.swift */,
				4C8445CE2582837E0062617D /* SceneDelegate.swift */,
				4C8445D72582837F0062617D /* LaunchScreen.storyboard */,
				4C8445D52582837F0062617D /* Assets.xcassets */,
			);
			path = Resources;
			sourceTree = "<group>";
		};
		4C9B1031262D21D000F10378 /* Extensions */ = {
			isa = PBXGroup;
			children = (
				4C3AD19925A759DF00E81F8C /* UIColor+hex.swift */,
				4C3DA1552582913100E08839 /* DateFormater.swift */,
				4C84461B258286860062617D /* UIViewController+Navigation.swift */,
				4C3DA1652582A1F900E08839 /* UIImageView.swift */,
				4C844616258285B60062617D /* ResizeImage.swift */,
				4C9B1032262D220D00F10378 /* String.swift */,
			);
			path = Extensions;
			sourceTree = "<group>";
		};
		4CF2ADBD2583ED20002C5C04 /* Networking */ = {
			isa = PBXGroup;
			children = (
				4C33B97E2589442D00BB58B5 /* GoogleBooksAPIConstant.swift */,
				4CF2ADBE2583ED51002C5C04 /* MediaItemProvider.swift */,
				4CF2ADCB2583F0AA002C5C04 /* MediaItemAPIConsumable.swift */,
				4C33B973258932C600BB58B5 /* GoogleBooksAPIConsumerURLSession.swift */,
				4CCC11B2258A7F20005D93BB /* GoogleBooksAPIConsumerAlamofire.swift */,
			);
			path = Networking;
			sourceTree = "<group>";
		};
		C0E019B39799B358FEBC7C78 /* Pods */ = {
			isa = PBXGroup;
			children = (
				4B0A9153887915FB436DAD9A /* Pods-Media.debug.xcconfig */,
				1244E5B262872BB9A5465F05 /* Pods-Media.release.xcconfig */,
				DF2027D5BF3ED9A5D3C90EE2 /* Pods-Media-MediaUITests.debug.xcconfig */,
				F8BE3408E8BB445B79365039 /* Pods-Media-MediaUITests.release.xcconfig */,
				2042D83586AB039E049AFE37 /* Pods-MediaTests.debug.xcconfig */,
				908367582263B2EAFD37A7D4 /* Pods-MediaTests.release.xcconfig */,
			);
			path = Pods;
			sourceTree = "<group>";
		};
/* End PBXGroup section */

/* Begin PBXNativeTarget section */
		4C8445C82582837E0062617D /* Media */ = {
			isa = PBXNativeTarget;
			buildConfigurationList = 4C8445F3258283800062617D /* Build configuration list for PBXNativeTarget "Media" */;
			buildPhases = (
				0E8AB69F3542C9DE19364043 /* [CP] Check Pods Manifest.lock */,
				4C8445C52582837E0062617D /* Sources */,
				4C8445C62582837E0062617D /* Frameworks */,
				4C8445C72582837E0062617D /* Resources */,
				E9EE5298D70C35631D3DDD0D /* [CP] Embed Pods Frameworks */,
				4C7B2BEC2626267900314AD6 /* ShellScript */,
			);
			buildRules = (
			);
			dependencies = (
			);
			name = Media;
			productName = Base;
			productReference = 4C8445C92582837E0062617D /* Media.app */;
			productType = "com.apple.product-type.application";
		};
		4C8445DE258283800062617D /* MediaTests */ = {
			isa = PBXNativeTarget;
			buildConfigurationList = 4C8445F6258283800062617D /* Build configuration list for PBXNativeTarget "MediaTests" */;
			buildPhases = (
				142A1A4C5F3CEDF83471AB3F /* [CP] Check Pods Manifest.lock */,
				4C8445DB258283800062617D /* Sources */,
				4C8445DC258283800062617D /* Frameworks */,
				4C8445DD258283800062617D /* Resources */,
			);
			buildRules = (
			);
			dependencies = (
				4C8445E1258283800062617D /* PBXTargetDependency */,
			);
			name = MediaTests;
			productName = BaseTests;
			productReference = 4C8445DF258283800062617D /* MediaTests.xctest */;
			productType = "com.apple.product-type.bundle.unit-test";
		};
		4C8445E9258283800062617D /* MediaUITests */ = {
			isa = PBXNativeTarget;
			buildConfigurationList = 4C8445F9258283800062617D /* Build configuration list for PBXNativeTarget "MediaUITests" */;
			buildPhases = (
				E14E191E6C969C887FBDCAEA /* [CP] Check Pods Manifest.lock */,
				4C8445E6258283800062617D /* Sources */,
				4C8445E7258283800062617D /* Frameworks */,
				4C8445E8258283800062617D /* Resources */,
				A7D40C841A5C441DE3DFDDA5 /* [CP] Embed Pods Frameworks */,
			);
			buildRules = (
			);
			dependencies = (
				4C8445EC258283800062617D /* PBXTargetDependency */,
			);
			name = MediaUITests;
			productName = BaseUITests;
			productReference = 4C8445EA258283800062617D /* MediaUITests.xctest */;
			productType = "com.apple.product-type.bundle.ui-testing";
		};
/* End PBXNativeTarget section */

/* Begin PBXProject section */
		4C8445C12582837E0062617D /* Project object */ = {
			isa = PBXProject;
			attributes = {
				LastSwiftUpdateCheck = 1200;
				LastUpgradeCheck = 1200;
				TargetAttributes = {
					4C8445C82582837E0062617D = {
						CreatedOnToolsVersion = 12.0;
					};
					4C8445DE258283800062617D = {
						CreatedOnToolsVersion = 12.0;
						TestTargetID = 4C8445C82582837E0062617D;
					};
					4C8445E9258283800062617D = {
						CreatedOnToolsVersion = 12.0;
						TestTargetID = 4C8445C82582837E0062617D;
					};
				};
			};
			buildConfigurationList = 4C8445C42582837E0062617D /* Build configuration list for PBXProject "Media" */;
			compatibilityVersion = "Xcode 9.3";
			developmentRegion = en;
			hasScannedForEncodings = 0;
			knownRegions = (
				en,
				Base,
			);
			mainGroup = 4C8445C02582837E0062617D;
			productRefGroup = 4C8445CA2582837E0062617D /* Products */;
			projectDirPath = "";
			projectRoot = "";
			targets = (
				4C8445C82582837E0062617D /* Media */,
				4C8445DE258283800062617D /* MediaTests */,
				4C8445E9258283800062617D /* MediaUITests */,
			);
		};
/* End PBXProject section */

/* Begin PBXResourcesBuildPhase section */
		4C8445C72582837E0062617D /* Resources */ = {
			isa = PBXResourcesBuildPhase;
			buildActionMask = 2147483647;
			files = (
				4C7B2C0E262630F500314AD6 /* .swiftlint.yml in Resources */,
				4C3DA15B2582918200E08839 /* book-search-response.json in Resources */,
				4C7B2C4F26289BC300314AD6 /* README.md in Resources */,
				4C8445D92582837F0062617D /* LaunchScreen.storyboard in Resources */,
				4C7B2C542628A40C00314AD6 /* ScreenShots in Resources */,
				4C8445D62582837F0062617D /* Assets.xcassets in Resources */,
			);
			runOnlyForDeploymentPostprocessing = 0;
		};
		4C8445DD258283800062617D /* Resources */ = {
			isa = PBXResourcesBuildPhase;
			buildActionMask = 2147483647;
			files = (
				4C4A516C25A8CBA700C26458 /* book-search-response.json in Resources */,
			);
			runOnlyForDeploymentPostprocessing = 0;
		};
		4C8445E8258283800062617D /* Resources */ = {
			isa = PBXResourcesBuildPhase;
			buildActionMask = 2147483647;
			files = (
			);
			runOnlyForDeploymentPostprocessing = 0;
		};
/* End PBXResourcesBuildPhase section */

/* Begin PBXShellScriptBuildPhase section */
		0E8AB69F3542C9DE19364043 /* [CP] Check Pods Manifest.lock */ = {
			isa = PBXShellScriptBuildPhase;
			buildActionMask = 2147483647;
			files = (
			);
			inputFileListPaths = (
			);
			inputPaths = (
				"${PODS_PODFILE_DIR_PATH}/Podfile.lock",
				"${PODS_ROOT}/Manifest.lock",
			);
			name = "[CP] Check Pods Manifest.lock";
			outputFileListPaths = (
			);
			outputPaths = (
				"$(DERIVED_FILE_DIR)/Pods-Media-checkManifestLockResult.txt",
			);
			runOnlyForDeploymentPostprocessing = 0;
			shellPath = /bin/sh;
			shellScript = "diff \"${PODS_PODFILE_DIR_PATH}/Podfile.lock\" \"${PODS_ROOT}/Manifest.lock\" > /dev/null\nif [ $? != 0 ] ; then\n    # print error to STDERR\n    echo \"error: The sandbox is not in sync with the Podfile.lock. Run 'pod install' or update your CocoaPods installation.\" >&2\n    exit 1\nfi\n# This output is used by Xcode 'outputs' to avoid re-running this script phase.\necho \"SUCCESS\" > \"${SCRIPT_OUTPUT_FILE_0}\"\n";
			showEnvVarsInLog = 0;
		};
		142A1A4C5F3CEDF83471AB3F /* [CP] Check Pods Manifest.lock */ = {
			isa = PBXShellScriptBuildPhase;
			buildActionMask = 2147483647;
			files = (
			);
			inputFileListPaths = (
			);
			inputPaths = (
				"${PODS_PODFILE_DIR_PATH}/Podfile.lock",
				"${PODS_ROOT}/Manifest.lock",
			);
			name = "[CP] Check Pods Manifest.lock";
			outputFileListPaths = (
			);
			outputPaths = (
				"$(DERIVED_FILE_DIR)/Pods-MediaTests-checkManifestLockResult.txt",
			);
			runOnlyForDeploymentPostprocessing = 0;
			shellPath = /bin/sh;
			shellScript = "diff \"${PODS_PODFILE_DIR_PATH}/Podfile.lock\" \"${PODS_ROOT}/Manifest.lock\" > /dev/null\nif [ $? != 0 ] ; then\n    # print error to STDERR\n    echo \"error: The sandbox is not in sync with the Podfile.lock. Run 'pod install' or update your CocoaPods installation.\" >&2\n    exit 1\nfi\n# This output is used by Xcode 'outputs' to avoid re-running this script phase.\necho \"SUCCESS\" > \"${SCRIPT_OUTPUT_FILE_0}\"\n";
			showEnvVarsInLog = 0;
		};
		4C7B2BEC2626267900314AD6 /* ShellScript */ = {
			isa = PBXShellScriptBuildPhase;
			buildActionMask = 2147483647;
			files = (
			);
			inputFileListPaths = (
			);
			inputPaths = (
			);
			outputFileListPaths = (
			);
			outputPaths = (
			);
			runOnlyForDeploymentPostprocessing = 0;
			shellPath = /bin/sh;
			shellScript = "# Type a script or drag a script file from your workspace to insert its path.\nif which swiftlint >/dev/null; then\n  swiftlint\nelse\n  echo \"warning: SwiftLint not installed, download from https://github.com/realm/SwiftLint\"\nfi\n";
		};
		A7D40C841A5C441DE3DFDDA5 /* [CP] Embed Pods Frameworks */ = {
			isa = PBXShellScriptBuildPhase;
			buildActionMask = 2147483647;
			files = (
			);
			inputFileListPaths = (
				"${PODS_ROOT}/Target Support Files/Pods-Media-MediaUITests/Pods-Media-MediaUITests-frameworks-${CONFIGURATION}-input-files.xcfilelist",
			);
			name = "[CP] Embed Pods Frameworks";
			outputFileListPaths = (
				"${PODS_ROOT}/Target Support Files/Pods-Media-MediaUITests/Pods-Media-MediaUITests-frameworks-${CONFIGURATION}-output-files.xcfilelist",
			);
			runOnlyForDeploymentPostprocessing = 0;
			shellPath = /bin/sh;
			shellScript = "\"${PODS_ROOT}/Target Support Files/Pods-Media-MediaUITests/Pods-Media-MediaUITests-frameworks.sh\"\n";
			showEnvVarsInLog = 0;
		};
		E14E191E6C969C887FBDCAEA /* [CP] Check Pods Manifest.lock */ = {
			isa = PBXShellScriptBuildPhase;
			buildActionMask = 2147483647;
			files = (
			);
			inputFileListPaths = (
			);
			inputPaths = (
				"${PODS_PODFILE_DIR_PATH}/Podfile.lock",
				"${PODS_ROOT}/Manifest.lock",
			);
			name = "[CP] Check Pods Manifest.lock";
			outputFileListPaths = (
			);
			outputPaths = (
				"$(DERIVED_FILE_DIR)/Pods-Media-MediaUITests-checkManifestLockResult.txt",
			);
			runOnlyForDeploymentPostprocessing = 0;
			shellPath = /bin/sh;
			shellScript = "diff \"${PODS_PODFILE_DIR_PATH}/Podfile.lock\" \"${PODS_ROOT}/Manifest.lock\" > /dev/null\nif [ $? != 0 ] ; then\n    # print error to STDERR\n    echo \"error: The sandbox is not in sync with the Podfile.lock. Run 'pod install' or update your CocoaPods installation.\" >&2\n    exit 1\nfi\n# This output is used by Xcode 'outputs' to avoid re-running this script phase.\necho \"SUCCESS\" > \"${SCRIPT_OUTPUT_FILE_0}\"\n";
			showEnvVarsInLog = 0;
		};
		E9EE5298D70C35631D3DDD0D /* [CP] Embed Pods Frameworks */ = {
			isa = PBXShellScriptBuildPhase;
			buildActionMask = 2147483647;
			files = (
			);
			inputFileListPaths = (
				"${PODS_ROOT}/Target Support Files/Pods-Media/Pods-Media-frameworks-${CONFIGURATION}-input-files.xcfilelist",
			);
			name = "[CP] Embed Pods Frameworks";
			outputFileListPaths = (
				"${PODS_ROOT}/Target Support Files/Pods-Media/Pods-Media-frameworks-${CONFIGURATION}-output-files.xcfilelist",
			);
			runOnlyForDeploymentPostprocessing = 0;
			shellPath = /bin/sh;
			shellScript = "\"${PODS_ROOT}/Target Support Files/Pods-Media/Pods-Media-frameworks.sh\"\n";
			showEnvVarsInLog = 0;
		};
/* End PBXShellScriptBuildPhase section */

/* Begin PBXSourcesBuildPhase section */
		4C8445C52582837E0062617D /* Sources */ = {
			isa = PBXSourcesBuildPhase;
			buildActionMask = 2147483647;
			files = (
				4C9B1033262D220D00F10378 /* String.swift in Sources */,
				4C5B995A259BCD6C003DBE27 /* CustomFavoritesTableViewCell.swift in Sources */,
				4C84461C258286860062617D /* UIViewController+Navigation.swift in Sources */,
				4C8445D12582837E0062617D /* HomeCollectionViewController.swift in Sources */,
				4C3DA151258290D500E08839 /* BookCollection.swift in Sources */,
				4CF2ADC72583EDC4002C5C04 /* MediaItemType.swift in Sources */,
				4C3DA1722582B2EA00E08839 /* Game.swift in Sources */,
				4C3FB84C259E5B8600ED8B79 /* CoreDataStack.swift in Sources */,
				4C3DA1422582907300E08839 /* MediaItemCollectionViewCell.swift in Sources */,
				4C3FB856259E643200ED8B79 /* BookManage+Mapping.swift in Sources */,
				4C3FB851259E62DC00ED8B79 /* CoreDataStorageManager.swift in Sources */,
				4CEC3611258D48EB00093146 /* Spinner.swift in Sources */,
				4C3DA1662582A1F900E08839 /* UIImageView.swift in Sources */,
				4C5B9952259BC983003DBE27 /* FavoritesViewController.swift in Sources */,
				4CF2ADBF2583ED51002C5C04 /* MediaItemProvider.swift in Sources */,
				4C8445CD2582837E0062617D /* AppDelegate.swift in Sources */,
				4CF2ADCC2583F0AA002C5C04 /* MediaItemAPIConsumable.swift in Sources */,
				4CEC3607258D1EC300093146 /* DetailViewController.swift in Sources */,
				4C3DA1472582909000E08839 /* MediaItemProvidable.swift in Sources */,
				4C6F52D3259D11F20024C02A /* UserDefaultStorageManager.swift in Sources */,
				4C3DA14C258290AC00E08839 /* Book.swift in Sources */,
				4CCC11B3258A7F20005D93BB /* GoogleBooksAPIConsumerAlamofire.swift in Sources */,
				4C3FB8CA25A0FA8100ED8B79 /* Model.xcdatamodeld in Sources */,
				4C6F52CE259D0A370024C02A /* FavoritesProvidable.swift in Sources */,
				4C33B974258932C600BB58B5 /* GoogleBooksAPIConsumerURLSession.swift in Sources */,
				4CEC35FC258BBE0F00093146 /* SearchCollectionViewController.swift in Sources */,
				4C3AD19525A759AF00E81F8C /* Colors.swift in Sources */,
				4C6F52D8259D1C520024C02A /* StorageManager.swift in Sources */,
				4C3DA1562582913100E08839 /* DateFormater.swift in Sources */,
				4CEC360C258D3A9200093146 /* WarningView.swift in Sources */,
				4C84460F2582857E0062617D /* SetDate.swift in Sources */,
				4C6DBB65258E5E60001292C2 /* BookDetailView.swift in Sources */,
				4C8445CF2582837E0062617D /* SceneDelegate.swift in Sources */,
				4C844617258285B60062617D /* ResizeImage.swift in Sources */,
				4C3AD1B625A7805100E81F8C /* State.swift in Sources */,
				4C3AD19A25A759DF00E81F8C /* UIColor+hex.swift in Sources */,
				4CF4947D2593C34B009D73EF /* MediaItemDetailProvidable.swift in Sources */,
				4C33B97F2589442D00BB58B5 /* GoogleBooksAPIConstant.swift in Sources */,
			);
			runOnlyForDeploymentPostprocessing = 0;
		};
		4C8445DB258283800062617D /* Sources */ = {
			isa = PBXSourcesBuildPhase;
			buildActionMask = 2147483647;
			files = (
				4C8445E4258283800062617D /* BookTests.swift in Sources */,
				4CCC11C5258A99BD005D93BB /* MediaItemProviderTest.swift in Sources */,
			);
			runOnlyForDeploymentPostprocessing = 0;
		};
		4C8445E6258283800062617D /* Sources */ = {
			isa = PBXSourcesBuildPhase;
			buildActionMask = 2147483647;
			files = (
				4C8445EF258283800062617D /* MediaUITests.swift in Sources */,
			);
			runOnlyForDeploymentPostprocessing = 0;
		};
/* End PBXSourcesBuildPhase section */

/* Begin PBXTargetDependency section */
		4C8445E1258283800062617D /* PBXTargetDependency */ = {
			isa = PBXTargetDependency;
			target = 4C8445C82582837E0062617D /* Media */;
			targetProxy = 4C8445E0258283800062617D /* PBXContainerItemProxy */;
		};
		4C8445EC258283800062617D /* PBXTargetDependency */ = {
			isa = PBXTargetDependency;
			target = 4C8445C82582837E0062617D /* Media */;
			targetProxy = 4C8445EB258283800062617D /* PBXContainerItemProxy */;
		};
/* End PBXTargetDependency section */

/* Begin PBXVariantGroup section */
		4C8445D72582837F0062617D /* LaunchScreen.storyboard */ = {
			isa = PBXVariantGroup;
			children = (
				4C8445D82582837F0062617D /* Base */,
			);
			name = LaunchScreen.storyboard;
			sourceTree = "<group>";
		};
/* End PBXVariantGroup section */

/* Begin XCBuildConfiguration section */
		4C8445F1258283800062617D /* Debug */ = {
			isa = XCBuildConfiguration;
			buildSettings = {
				ALWAYS_SEARCH_USER_PATHS = NO;
				CLANG_ANALYZER_NONNULL = YES;
				CLANG_ANALYZER_NUMBER_OBJECT_CONVERSION = YES_AGGRESSIVE;
				CLANG_CXX_LANGUAGE_STANDARD = "gnu++14";
				CLANG_CXX_LIBRARY = "libc++";
				CLANG_ENABLE_MODULES = YES;
				CLANG_ENABLE_OBJC_ARC = YES;
				CLANG_ENABLE_OBJC_WEAK = YES;
				CLANG_WARN_BLOCK_CAPTURE_AUTORELEASING = YES;
				CLANG_WARN_BOOL_CONVERSION = YES;
				CLANG_WARN_COMMA = YES;
				CLANG_WARN_CONSTANT_CONVERSION = YES;
				CLANG_WARN_DEPRECATED_OBJC_IMPLEMENTATIONS = YES;
				CLANG_WARN_DIRECT_OBJC_ISA_USAGE = YES_ERROR;
				CLANG_WARN_DOCUMENTATION_COMMENTS = YES;
				CLANG_WARN_EMPTY_BODY = YES;
				CLANG_WARN_ENUM_CONVERSION = YES;
				CLANG_WARN_INFINITE_RECURSION = YES;
				CLANG_WARN_INT_CONVERSION = YES;
				CLANG_WARN_NON_LITERAL_NULL_CONVERSION = YES;
				CLANG_WARN_OBJC_IMPLICIT_RETAIN_SELF = YES;
				CLANG_WARN_OBJC_LITERAL_CONVERSION = YES;
				CLANG_WARN_OBJC_ROOT_CLASS = YES_ERROR;
				CLANG_WARN_QUOTED_INCLUDE_IN_FRAMEWORK_HEADER = YES;
				CLANG_WARN_RANGE_LOOP_ANALYSIS = YES;
				CLANG_WARN_STRICT_PROTOTYPES = YES;
				CLANG_WARN_SUSPICIOUS_MOVE = YES;
				CLANG_WARN_UNGUARDED_AVAILABILITY = YES_AGGRESSIVE;
				CLANG_WARN_UNREACHABLE_CODE = YES;
				CLANG_WARN__DUPLICATE_METHOD_MATCH = YES;
				COPY_PHASE_STRIP = NO;
				DEBUG_INFORMATION_FORMAT = dwarf;
				ENABLE_STRICT_OBJC_MSGSEND = YES;
				ENABLE_TESTABILITY = YES;
				GCC_C_LANGUAGE_STANDARD = gnu11;
				GCC_DYNAMIC_NO_PIC = NO;
				GCC_NO_COMMON_BLOCKS = YES;
				GCC_OPTIMIZATION_LEVEL = 0;
				GCC_PREPROCESSOR_DEFINITIONS = (
					"DEBUG=1",
					"$(inherited)",
				);
				GCC_WARN_64_TO_32_BIT_CONVERSION = YES;
				GCC_WARN_ABOUT_RETURN_TYPE = YES_ERROR;
				GCC_WARN_UNDECLARED_SELECTOR = YES;
				GCC_WARN_UNINITIALIZED_AUTOS = YES_AGGRESSIVE;
				GCC_WARN_UNUSED_FUNCTION = YES;
				GCC_WARN_UNUSED_VARIABLE = YES;
				IPHONEOS_DEPLOYMENT_TARGET = 14.4;
				MTL_ENABLE_DEBUG_INFO = INCLUDE_SOURCE;
				MTL_FAST_MATH = YES;
				ONLY_ACTIVE_ARCH = YES;
				SDKROOT = iphoneos;
				SWIFT_ACTIVE_COMPILATION_CONDITIONS = DEBUG;
				SWIFT_OPTIMIZATION_LEVEL = "-Onone";
			};
			name = Debug;
		};
		4C8445F2258283800062617D /* Release */ = {
			isa = XCBuildConfiguration;
			buildSettings = {
				ALWAYS_SEARCH_USER_PATHS = NO;
				CLANG_ANALYZER_NONNULL = YES;
				CLANG_ANALYZER_NUMBER_OBJECT_CONVERSION = YES_AGGRESSIVE;
				CLANG_CXX_LANGUAGE_STANDARD = "gnu++14";
				CLANG_CXX_LIBRARY = "libc++";
				CLANG_ENABLE_MODULES = YES;
				CLANG_ENABLE_OBJC_ARC = YES;
				CLANG_ENABLE_OBJC_WEAK = YES;
				CLANG_WARN_BLOCK_CAPTURE_AUTORELEASING = YES;
				CLANG_WARN_BOOL_CONVERSION = YES;
				CLANG_WARN_COMMA = YES;
				CLANG_WARN_CONSTANT_CONVERSION = YES;
				CLANG_WARN_DEPRECATED_OBJC_IMPLEMENTATIONS = YES;
				CLANG_WARN_DIRECT_OBJC_ISA_USAGE = YES_ERROR;
				CLANG_WARN_DOCUMENTATION_COMMENTS = YES;
				CLANG_WARN_EMPTY_BODY = YES;
				CLANG_WARN_ENUM_CONVERSION = YES;
				CLANG_WARN_INFINITE_RECURSION = YES;
				CLANG_WARN_INT_CONVERSION = YES;
				CLANG_WARN_NON_LITERAL_NULL_CONVERSION = YES;
				CLANG_WARN_OBJC_IMPLICIT_RETAIN_SELF = YES;
				CLANG_WARN_OBJC_LITERAL_CONVERSION = YES;
				CLANG_WARN_OBJC_ROOT_CLASS = YES_ERROR;
				CLANG_WARN_QUOTED_INCLUDE_IN_FRAMEWORK_HEADER = YES;
				CLANG_WARN_RANGE_LOOP_ANALYSIS = YES;
				CLANG_WARN_STRICT_PROTOTYPES = YES;
				CLANG_WARN_SUSPICIOUS_MOVE = YES;
				CLANG_WARN_UNGUARDED_AVAILABILITY = YES_AGGRESSIVE;
				CLANG_WARN_UNREACHABLE_CODE = YES;
				CLANG_WARN__DUPLICATE_METHOD_MATCH = YES;
				COPY_PHASE_STRIP = NO;
				DEBUG_INFORMATION_FORMAT = "dwarf-with-dsym";
				ENABLE_NS_ASSERTIONS = NO;
				ENABLE_STRICT_OBJC_MSGSEND = YES;
				GCC_C_LANGUAGE_STANDARD = gnu11;
				GCC_NO_COMMON_BLOCKS = YES;
				GCC_WARN_64_TO_32_BIT_CONVERSION = YES;
				GCC_WARN_ABOUT_RETURN_TYPE = YES_ERROR;
				GCC_WARN_UNDECLARED_SELECTOR = YES;
				GCC_WARN_UNINITIALIZED_AUTOS = YES_AGGRESSIVE;
				GCC_WARN_UNUSED_FUNCTION = YES;
				GCC_WARN_UNUSED_VARIABLE = YES;
				IPHONEOS_DEPLOYMENT_TARGET = 14.4;
				MTL_ENABLE_DEBUG_INFO = NO;
				MTL_FAST_MATH = YES;
				SDKROOT = iphoneos;
				SWIFT_COMPILATION_MODE = wholemodule;
				SWIFT_OPTIMIZATION_LEVEL = "-O";
				VALIDATE_PRODUCT = YES;
			};
			name = Release;
		};
		4C8445F4258283800062617D /* Debug */ = {
			isa = XCBuildConfiguration;
			baseConfigurationReference = 4B0A9153887915FB436DAD9A /* Pods-Media.debug.xcconfig */;
			buildSettings = {
				ASSETCATALOG_COMPILER_APPICON_NAME = AppIcon;
				ASSETCATALOG_COMPILER_GLOBAL_ACCENT_COLOR_NAME = AccentColor;
				CODE_SIGN_STYLE = Automatic;
				DEVELOPMENT_TEAM = VPQX32MD83;
				INFOPLIST_FILE = Media/Info.plist;
				LD_RUNPATH_SEARCH_PATHS = (
					"$(inherited)",
					"@executable_path/Frameworks",
				);
				PRODUCT_BUNDLE_IDENTIFIER = maria.Media;
				PRODUCT_NAME = "$(TARGET_NAME)";
				SWIFT_VERSION = 5.0;
				TARGETED_DEVICE_FAMILY = "1,2";
			};
			name = Debug;
		};
		4C8445F5258283800062617D /* Release */ = {
			isa = XCBuildConfiguration;
			baseConfigurationReference = 1244E5B262872BB9A5465F05 /* Pods-Media.release.xcconfig */;
			buildSettings = {
				ASSETCATALOG_COMPILER_APPICON_NAME = AppIcon;
				ASSETCATALOG_COMPILER_GLOBAL_ACCENT_COLOR_NAME = AccentColor;
				CODE_SIGN_STYLE = Automatic;
				DEVELOPMENT_TEAM = VPQX32MD83;
				INFOPLIST_FILE = Media/Info.plist;
				LD_RUNPATH_SEARCH_PATHS = (
					"$(inherited)",
					"@executable_path/Frameworks",
				);
				PRODUCT_BUNDLE_IDENTIFIER = maria.Media;
				PRODUCT_NAME = "$(TARGET_NAME)";
				SWIFT_VERSION = 5.0;
				TARGETED_DEVICE_FAMILY = "1,2";
			};
			name = Release;
		};
		4C8445F7258283800062617D /* Debug */ = {
			isa = XCBuildConfiguration;
			baseConfigurationReference = 2042D83586AB039E049AFE37 /* Pods-MediaTests.debug.xcconfig */;
			buildSettings = {
				ALWAYS_EMBED_SWIFT_STANDARD_LIBRARIES = YES;
				BUNDLE_LOADER = "$(TEST_HOST)";
				CODE_SIGN_STYLE = Automatic;
				DEVELOPMENT_TEAM = VPQX32MD83;
				INFOPLIST_FILE = MediaTests/Info.plist;
				IPHONEOS_DEPLOYMENT_TARGET = 14.0;
				LD_RUNPATH_SEARCH_PATHS = (
					"$(inherited)",
					"@executable_path/Frameworks",
					"@loader_path/Frameworks",
				);
				PRODUCT_BUNDLE_IDENTIFIER = maria.MediaTests;
				PRODUCT_NAME = "$(TARGET_NAME)";
				SWIFT_VERSION = 5.0;
				TARGETED_DEVICE_FAMILY = "1,2";
				TEST_HOST = "$(BUILT_PRODUCTS_DIR)/Media.app/Media";
			};
			name = Debug;
		};
		4C8445F8258283800062617D /* Release */ = {
			isa = XCBuildConfiguration;
			baseConfigurationReference = 908367582263B2EAFD37A7D4 /* Pods-MediaTests.release.xcconfig */;
			buildSettings = {
				ALWAYS_EMBED_SWIFT_STANDARD_LIBRARIES = YES;
				BUNDLE_LOADER = "$(TEST_HOST)";
				CODE_SIGN_STYLE = Automatic;
				DEVELOPMENT_TEAM = VPQX32MD83;
				INFOPLIST_FILE = MediaTests/Info.plist;
				IPHONEOS_DEPLOYMENT_TARGET = 14.0;
				LD_RUNPATH_SEARCH_PATHS = (
					"$(inherited)",
					"@executable_path/Frameworks",
					"@loader_path/Frameworks",
				);
				PRODUCT_BUNDLE_IDENTIFIER = maria.MediaTests;
				PRODUCT_NAME = "$(TARGET_NAME)";
				SWIFT_VERSION = 5.0;
				TARGETED_DEVICE_FAMILY = "1,2";
				TEST_HOST = "$(BUILT_PRODUCTS_DIR)/Media.app/Media";
			};
			name = Release;
		};
		4C8445FA258283800062617D /* Debug */ = {
			isa = XCBuildConfiguration;
			baseConfigurationReference = DF2027D5BF3ED9A5D3C90EE2 /* Pods-Media-MediaUITests.debug.xcconfig */;
			buildSettings = {
				ALWAYS_EMBED_SWIFT_STANDARD_LIBRARIES = YES;
				CODE_SIGN_STYLE = Automatic;
				DEVELOPMENT_TEAM = VPQX32MD83;
				INFOPLIST_FILE = MediaUITests/Info.plist;
				LD_RUNPATH_SEARCH_PATHS = (
					"$(inherited)",
					"@executable_path/Frameworks",
					"@loader_path/Frameworks",
				);
				PRODUCT_BUNDLE_IDENTIFIER = maria.MediaUITests;
				PRODUCT_NAME = "$(TARGET_NAME)";
				SWIFT_VERSION = 5.0;
				TARGETED_DEVICE_FAMILY = "1,2";
				TEST_TARGET_NAME = Base;
			};
			name = Debug;
		};
		4C8445FB258283800062617D /* Release */ = {
			isa = XCBuildConfiguration;
			baseConfigurationReference = F8BE3408E8BB445B79365039 /* Pods-Media-MediaUITests.release.xcconfig */;
			buildSettings = {
				ALWAYS_EMBED_SWIFT_STANDARD_LIBRARIES = YES;
				CODE_SIGN_STYLE = Automatic;
				DEVELOPMENT_TEAM = VPQX32MD83;
				INFOPLIST_FILE = MediaUITests/Info.plist;
				LD_RUNPATH_SEARCH_PATHS = (
					"$(inherited)",
					"@executable_path/Frameworks",
					"@loader_path/Frameworks",
				);
				PRODUCT_BUNDLE_IDENTIFIER = maria.MediaUITests;
				PRODUCT_NAME = "$(TARGET_NAME)";
				SWIFT_VERSION = 5.0;
				TARGETED_DEVICE_FAMILY = "1,2";
				TEST_TARGET_NAME = Base;
			};
			name = Release;
		};
/* End XCBuildConfiguration section */

/* Begin XCConfigurationList section */
		4C8445C42582837E0062617D /* Build configuration list for PBXProject "Media" */ = {
			isa = XCConfigurationList;
			buildConfigurations = (
				4C8445F1258283800062617D /* Debug */,
				4C8445F2258283800062617D /* Release */,
			);
			defaultConfigurationIsVisible = 0;
			defaultConfigurationName = Release;
		};
		4C8445F3258283800062617D /* Build configuration list for PBXNativeTarget "Media" */ = {
			isa = XCConfigurationList;
			buildConfigurations = (
				4C8445F4258283800062617D /* Debug */,
				4C8445F5258283800062617D /* Release */,
			);
			defaultConfigurationIsVisible = 0;
			defaultConfigurationName = Release;
		};
		4C8445F6258283800062617D /* Build configuration list for PBXNativeTarget "MediaTests" */ = {
			isa = XCConfigurationList;
			buildConfigurations = (
				4C8445F7258283800062617D /* Debug */,
				4C8445F8258283800062617D /* Release */,
			);
			defaultConfigurationIsVisible = 0;
			defaultConfigurationName = Release;
		};
		4C8445F9258283800062617D /* Build configuration list for PBXNativeTarget "MediaUITests" */ = {
			isa = XCConfigurationList;
			buildConfigurations = (
				4C8445FA258283800062617D /* Debug */,
				4C8445FB258283800062617D /* Release */,
			);
			defaultConfigurationIsVisible = 0;
			defaultConfigurationName = Release;
		};
/* End XCConfigurationList section */

/* Begin XCVersionGroup section */
		4C3FB8C825A0FA8100ED8B79 /* Model.xcdatamodeld */ = {
			isa = XCVersionGroup;
			children = (
				4C3FB8C925A0FA8100ED8B79 /* Model.xcdatamodel */,
			);
			currentVersion = 4C3FB8C925A0FA8100ED8B79 /* Model.xcdatamodel */;
			path = Model.xcdatamodeld;
			sourceTree = "<group>";
			versionGroupType = wrapper.xcdatamodel;
		};
/* End XCVersionGroup section */
	};
	rootObject = 4C8445C12582837E0062617D /* Project object */;
}
